# This file is automatically @generated by Poetry 2.0.0 and should not be changed by hand.

[[package]]
name = "bitarray"
version = "3.7.1"
description = "efficient arrays of booleans -- C extension"
optional = false
python-versions = "*"
groups = ["main"]
files = [
    {file = "bitarray-3.7.1-cp310-cp310-macosx_10_9_x86_64.whl", hash = "sha256:a05982bb49c73463cb0f0f4bed2d8da82631708a2c2d1926107ba99651b419ec"},
    {file = "bitarray-3.7.1-cp310-cp310-macosx_11_0_arm64.whl", hash = "sha256:d30e7daaf228e3d69cdd8b02c0dd4199cec034c4b93c80109f56f4675a6db957"},
    {file = "bitarray-3.7.1-cp310-cp310-manylinux_2_17_aarch64.manylinux2014_aarch64.whl", hash = "sha256:160f449bb91686f8fc9984200e78b8d793b79e382decf7eb1dc9948d7c21b36f"},
    {file = "bitarray-3.7.1-cp310-cp310-manylinux_2_17_ppc64le.manylinux2014_ppc64le.whl", hash = "sha256:6542e1cfe060badd160cd383ad93a84871595c14bb05fb8129f963248affd946"},
    {file = "bitarray-3.7.1-cp310-cp310-manylinux_2_17_s390x.manylinux2014_s390x.whl", hash = "sha256:b723f9d10f7d8259f010b87fa66e924bb4d67927d9dcff4526a755e9ee84fef4"},
    {file = "bitarray-3.7.1-cp310-cp310-manylinux_2_17_x86_64.manylinux2014_x86_64.whl", hash = "sha256:ca4b6298c89b92d6b0a67dfc5f98d68ae92b08101d227263ef2033b9c9a03a72"},
    {file = "bitarray-3.7.1-cp310-cp310-manylinux_2_5_i686.manylinux1_i686.manylinux_2_17_i686.manylinux2014_i686.whl", hash = "sha256:567d6891cb1ddbfd0051fcff3cb1bb86efc82ec818d9c5f98c37d59c1d23cc96"},
    {file = "bitarray-3.7.1-cp310-cp310-musllinux_1_2_aarch64.whl", hash = "sha256:37a6a8382864a1defb5b370b66a635e04358c7334054457bbbb8645610cd95b2"},
    {file = "bitarray-3.7.1-cp310-cp310-musllinux_1_2_i686.whl", hash = "sha256:01e3ba46c2dee6d47a4ab22561a01d8ee6772f681defc9fcb357097a055e48cf"},
    {file = "bitarray-3.7.1-cp310-cp310-musllinux_1_2_ppc64le.whl", hash = "sha256:477b9456eb7d70f385dc8f097a1d66ee40771b62e47b3b3e33406dcfbc1c6a3b"},
    {file = "bitarray-3.7.1-cp310-cp310-musllinux_1_2_s390x.whl", hash = "sha256:2965fd8ba31b04c42e4b696fad509dc5ab50663efca6eb06bb3b6d08587f3a09"},
    {file = "bitarray-3.7.1-cp310-cp310-musllinux_1_2_x86_64.whl", hash = "sha256:cc76ad7453816318d794248fba4032967eaffd992d76e5d1af10ef9d46589770"},
    {file = "bitarray-3.7.1-cp310-cp310-win32.whl", hash = "sha256:d3f38373d9b2629dedc559e647010541cc4ec4ad9bea560e2eb1017e6a00d9ef"},
    {file = "bitarray-3.7.1-cp310-cp310-win_amd64.whl", hash = "sha256:e39f5e85e1e3d7d84ac2217cd095b3678306c979e991532df47012880e02215d"},
    {file = "bitarray-3.7.1-cp311-cp311-macosx_10_9_x86_64.whl", hash = "sha256:ac39319e6322c2c093a660c02cea6bb3b1ae53d049b573d4781df8896e443e04"},
    {file = "bitarray-3.7.1-cp311-cp311-macosx_11_0_arm64.whl", hash = "sha256:a43f4631ecb87bedc510568fef67db53f2a20c4a5953a9d1e07457e7b1d14911"},
    {file = "bitarray-3.7.1-cp311-cp311-manylinux_2_17_aarch64.manylinux2014_aarch64.whl", hash = "sha256:ffd112646486a31ea5a45aa1eca0e2cd90b6a12f67e848e50349e324c24cc2e7"},
    {file = "bitarray-3.7.1-cp311-cp311-manylinux_2_17_ppc64le.manylinux2014_ppc64le.whl", hash = "sha256:db0441e80773d747a1ed9edfb9f75e7acb68ce8627583bbb6f770b7ec49f0064"},
    {file = "bitarray-3.7.1-cp311-cp311-manylinux_2_17_s390x.manylinux2014_s390x.whl", hash = "sha256:ef5a99a8d1a5c47b4cf85925d1420fc4ee584c98be8efc548651447b3047242f"},
    {file = "bitarray-3.7.1-cp311-cp311-manylinux_2_17_x86_64.manylinux2014_x86_64.whl", hash = "sha256:fdb7af369df317527d697c5bb37ab944bb9a17ea1a5e82e47d5c7c638f3ccdd6"},
    {file = "bitarray-3.7.1-cp311-cp311-manylinux_2_5_i686.manylinux1_i686.manylinux_2_17_i686.manylinux2014_i686.whl", hash = "sha256:eda67136343db96752e58ef36ac37116f36cba40961e79fd0e9bd858f5a09b38"},
    {file = "bitarray-3.7.1-cp311-cp311-musllinux_1_2_aarch64.whl", hash = "sha256:79038bf1a7b13d243e51f4b6909c6997c2ba2bffc45bcae264704308a2d17198"},
    {file = "bitarray-3.7.1-cp311-cp311-musllinux_1_2_i686.whl", hash = "sha256:d12c45da97b2f31d0233e15f8d68731cfa86264c9f04b2669b9fdf46aaf68e1f"},
    {file = "bitarray-3.7.1-cp311-cp311-musllinux_1_2_ppc64le.whl", hash = "sha256:64d1143e90299ba8c967324840912a63a903494b1870a52f6675bda53dc332f7"},
    {file = "bitarray-3.7.1-cp311-cp311-musllinux_1_2_s390x.whl", hash = "sha256:c4e04c12f507942f1ddf215cb3a08c244d24051cdd2ba571060166ce8a92be16"},
    {file = "bitarray-3.7.1-cp311-cp311-musllinux_1_2_x86_64.whl", hash = "sha256:ddc646cec4899a137c134b13818469e4178a251d77f9f4b23229267e3da78cfb"},
    {file = "bitarray-3.7.1-cp311-cp311-win32.whl", hash = "sha256:a23b5f13f9b292004e94b0b13fead4dae79c7512db04dc817ff2c2478298e04a"},
    {file = "bitarray-3.7.1-cp311-cp311-win_amd64.whl", hash = "sha256:acc56700963f63307ac096689d4547e8061028a66bb78b90e42c5da2898898fb"},
    {file = "bitarray-3.7.1-cp312-cp312-macosx_10_13_x86_64.whl", hash = "sha256:b99a0347bc6131046c19e056a113daa34d7df99f1f45510161bc78bc8461a470"},
    {file = "bitarray-3.7.1-cp312-cp312-macosx_11_0_arm64.whl", hash = "sha256:d7e274ac1975e55ebfb8166cce27e13dc99120c1d6ce9e490d7a716b9be9abb5"},
    {file = "bitarray-3.7.1-cp312-cp312-manylinux_2_17_aarch64.manylinux2014_aarch64.whl", hash = "sha256:3b9a2eb7d2e0e9c2f25256d2663c0a2a4798fe3110e3ddbbb1a7b71740b4de08"},
    {file = "bitarray-3.7.1-cp312-cp312-manylinux_2_17_ppc64le.manylinux2014_ppc64le.whl", hash = "sha256:e15e70a3cf5bb519e2448524d689c02ff6bcd4750587a517e2bffee06065bf27"},
    {file = "bitarray-3.7.1-cp312-cp312-manylinux_2_17_s390x.manylinux2014_s390x.whl", hash = "sha256:c65257899bb8faf6a111297b4ff0066324a6b901318582c0453a01422c3bcd5a"},
    {file = "bitarray-3.7.1-cp312-cp312-manylinux_2_17_x86_64.manylinux2014_x86_64.whl", hash = "sha256:38b0261483c59bb39ae9300ad46bf0bbf431ab604266382d986a349c96171b36"},
    {file = "bitarray-3.7.1-cp312-cp312-manylinux_2_5_i686.manylinux1_i686.manylinux_2_17_i686.manylinux2014_i686.whl", hash = "sha256:d2b1ed363a4ef5622dccbf7822f01b51195062c4f382b28c9bd125d046d0324c"},
    {file = "bitarray-3.7.1-cp312-cp312-musllinux_1_2_aarch64.whl", hash = "sha256:dfde50ae55e075dcd5801e2c3ea0e749c849ed2cbbee991af0f97f1bdbadb2a6"},
    {file = "bitarray-3.7.1-cp312-cp312-musllinux_1_2_i686.whl", hash = "sha256:45660e2fabcdc1bab9699a468b312f47956300d41d6a2ea91c8f067572aaf38a"},
    {file = "bitarray-3.7.1-cp312-cp312-musllinux_1_2_ppc64le.whl", hash = "sha256:7b4a41dc183d7d16750634f65566205990f94144755a39f33da44c0350c3e1a8"},
    {file = "bitarray-3.7.1-cp312-cp312-musllinux_1_2_s390x.whl", hash = "sha256:8b8e07374d60040b24d1a158895d9758424db13be63d4b2fe1870e37f9dec009"},
    {file = "bitarray-3.7.1-cp312-cp312-musllinux_1_2_x86_64.whl", hash = "sha256:f31d8c2168bf2a52e4539232392352832c2296e07e0e14b6e06a44da574099ba"},
    {file = "bitarray-3.7.1-cp312-cp312-win32.whl", hash = "sha256:fe1f1f4010244cb07f6a079854a12e1627e4fb9ea99d672f2ceccaf6653ca514"},
    {file = "bitarray-3.7.1-cp312-cp312-win_amd64.whl", hash = "sha256:f41a4b57cbc128a699e9d716a56c90c7fc76554e680fe2962f49cc4d8688b051"},
    {file = "bitarray-3.7.1-cp313-cp313-macosx_10_13_x86_64.whl", hash = "sha256:e62892645f6a214eefb58a42c3ed2501af2e40a797844e0e09ec1e400ce75f3d"},
    {file = "bitarray-3.7.1-cp313-cp313-macosx_11_0_arm64.whl", hash = "sha256:3092f6bbf4a75b1e6f14a5b1030e27c435f341afeb23987115e45a25cc68ba91"},
    {file = "bitarray-3.7.1-cp313-cp313-manylinux_2_17_aarch64.manylinux2014_aarch64.whl", hash = "sha256:851398428f5604c53371b72c5e0a28163274264ada4a08cd1eafe65fde1f68d0"},
    {file = "bitarray-3.7.1-cp313-cp313-manylinux_2_17_ppc64le.manylinux2014_ppc64le.whl", hash = "sha256:fa05460dc4f57358680b977b4a254d331b24c8beb501319b998625fd6a22654b"},
    {file = "bitarray-3.7.1-cp313-cp313-manylinux_2_17_s390x.manylinux2014_s390x.whl", hash = "sha256:9ad0df7886cb9d6d2ff75e87d323108a0e32bdca5c9918071681864129ce8ea8"},
    {file = "bitarray-3.7.1-cp313-cp313-manylinux_2_17_x86_64.manylinux2014_x86_64.whl", hash = "sha256:55c31bc3d2c9e48741c812ee5ce4607c6f33e33f339831c214d923ffc7777d21"},
    {file = "bitarray-3.7.1-cp313-cp313-manylinux_2_5_i686.manylinux1_i686.manylinux_2_17_i686.manylinux2014_i686.whl", hash = "sha256:44f468fb4857fff86c65bec5e2fb67067789e40dad69258e9bb78fc6a6df49e7"},
    {file = "bitarray-3.7.1-cp313-cp313-musllinux_1_2_aarch64.whl", hash = "sha256:340c524c7c934b61d1985d805bffe7609180fb5d16ece6ce89b51aa535b936f2"},
    {file = "bitarray-3.7.1-cp313-cp313-musllinux_1_2_i686.whl", hash = "sha256:0751596f60f33df66245b2dafa3f7fbe13cb7ac91dd14ead87d8c2eec57cb3ed"},
    {file = "bitarray-3.7.1-cp313-cp313-musllinux_1_2_ppc64le.whl", hash = "sha256:e501bd27c795105aaba02b5212ecd1bb552ca2ee2ede53e5a8cb74deee0e2052"},
    {file = "bitarray-3.7.1-cp313-cp313-musllinux_1_2_s390x.whl", hash = "sha256:fe2493d3f49e314e573022ead4d8c845c9748979b7eb95e815429fe947c4bde2"},
    {file = "bitarray-3.7.1-cp313-cp313-musllinux_1_2_x86_64.whl", hash = "sha256:1f1575cc0f66aa70a0bb5cb57c8d9d1b7d541d920455169c6266919bf804dc20"},
    {file = "bitarray-3.7.1-cp313-cp313-win32.whl", hash = "sha256:da3dfd2776226e15d3288a3a24c7975f9ee160ba198f2efa66bc28c5ba76d792"},
    {file = "bitarray-3.7.1-cp313-cp313-win_amd64.whl", hash = "sha256:33f604bffd06b170637f8a48ddcf42074ed1e1980366ac46058e065ce04bfe2a"},
    {file = "bitarray-3.7.1-cp36-cp36m-macosx_10_9_x86_64.whl", hash = "sha256:f0795e2be2aa8afd013635f30ffe599cc00f1bbaca2d1d19b6187b4d1c58fb44"},
    {file = "bitarray-3.7.1-cp36-cp36m-manylinux_2_17_aarch64.manylinux2014_aarch64.whl", hash = "sha256:7f9f9bb2c5cc1f679605ebbeb72f46fc395d850b93fa7de7addd502a1dc66e99"},
    {file = "bitarray-3.7.1-cp36-cp36m-manylinux_2_17_ppc64le.manylinux2014_ppc64le.whl", hash = "sha256:9faa4c6fcb19a31240ad389426699a99df481b6576f7286471e24efbf1b44dfc"},
    {file = "bitarray-3.7.1-cp36-cp36m-manylinux_2_17_s390x.manylinux2014_s390x.whl", hash = "sha256:7998dfb1e9e0255fb8553abb019c3e7f558925de4edc8604243775ff9dd3898d"},
    {file = "bitarray-3.7.1-cp36-cp36m-manylinux_2_17_x86_64.manylinux2014_x86_64.whl", hash = "sha256:9bfdfe2e2af434d3f4e47250f693657334e34a7ec557cd703b129a814422b4b8"},
    {file = "bitarray-3.7.1-cp36-cp36m-manylinux_2_5_i686.manylinux1_i686.manylinux_2_17_i686.manylinux2014_i686.whl", hash = "sha256:97c448a20aded59727261468873d9b11dfdcce5a6338a359135667d5e3f1d070"},
    {file = "bitarray-3.7.1-cp36-cp36m-musllinux_1_2_aarch64.whl", hash = "sha256:f7c531722e8c3901f6bb303db464cac98ab44ed422c0fd0c762baa4a8d49ffa1"},
    {file = "bitarray-3.7.1-cp36-cp36m-musllinux_1_2_i686.whl", hash = "sha256:639389b023315596e0293f85999645f47ec3dc28c892e51242dde6176c91486b"},
    {file = "bitarray-3.7.1-cp36-cp36m-musllinux_1_2_ppc64le.whl", hash = "sha256:4a83d247420b147d4b3cba0335e484365e117dc1cfe5ab35acd6a0817ad9244f"},
    {file = "bitarray-3.7.1-cp36-cp36m-musllinux_1_2_s390x.whl", hash = "sha256:befac6644c6f304a1b6a7948a04095682849c426cebcc44cb2459aa92d3e1735"},
    {file = "bitarray-3.7.1-cp36-cp36m-musllinux_1_2_x86_64.whl", hash = "sha256:87a29b8a4cc72af6118954592dcd4e49223420470ccc3f8091c255f6c7330bb1"},
    {file = "bitarray-3.7.1-cp36-cp36m-win32.whl", hash = "sha256:7afc740ad45ee0e0cef055765faf64789c2c183eb4aa3ecb8cecdb4b607396b3"},
    {file = "bitarray-3.7.1-cp36-cp36m-win_amd64.whl", hash = "sha256:ea60cf85b4e5a78b5a41eed3a65abc3839a50d915c6e0f6966cbcf81b85991bd"},
    {file = "bitarray-3.7.1-cp37-cp37m-macosx_10_9_x86_64.whl", hash = "sha256:a5b89349f05431270d1ccc7321aaab91c42ff33f463868779e502438b7f0e668"},
    {file = "bitarray-3.7.1-cp37-cp37m-manylinux_2_17_aarch64.manylinux2014_aarch64.whl", hash = "sha256:a3b6bd81c77d9925809b714980cd30b1831a86bd090316d37cab124d92af1daf"},
    {file = "bitarray-3.7.1-cp37-cp37m-manylinux_2_17_ppc64le.manylinux2014_ppc64le.whl", hash = "sha256:98373c273e01a5a7c17103ecb617de7c9980b7608351d58c72198e3525f0002e"},
    {file = "bitarray-3.7.1-cp37-cp37m-manylinux_2_17_s390x.manylinux2014_s390x.whl", hash = "sha256:81e4648c09103bc18f488957c1e0863d2397bab6625c0e6771891f151ee0bd96"},
    {file = "bitarray-3.7.1-cp37-cp37m-manylinux_2_17_x86_64.manylinux2014_x86_64.whl", hash = "sha256:03dc877ec286b7f2813185ea6bc5f1f5527fd859e61038d38768883b134e06b3"},
    {file = "bitarray-3.7.1-cp37-cp37m-manylinux_2_5_i686.manylinux1_i686.manylinux_2_17_i686.manylinux2014_i686.whl", hash = "sha256:101230b8074919970433ef79866570989157ade3421246d4c3afb7a994fdc614"},
    {file = "bitarray-3.7.1-cp37-cp37m-musllinux_1_2_aarch64.whl", hash = "sha256:fbe1ef622748d2edb3dd4fef933b934e90e479f9831dfe31bda3fdc16bf5287f"},
    {file = "bitarray-3.7.1-cp37-cp37m-musllinux_1_2_i686.whl", hash = "sha256:d160173efdad8a57c22e422a034196df3d84753672c497aee2f94bd5b128f8dd"},
    {file = "bitarray-3.7.1-cp37-cp37m-musllinux_1_2_ppc64le.whl", hash = "sha256:e84cff8e8fe71903a6cf873fb3c8731df8bd7c1dac878e7a0fe19d8e2ef39aa9"},
    {file = "bitarray-3.7.1-cp37-cp37m-musllinux_1_2_s390x.whl", hash = "sha256:03eeab48f376c3cd988add2b75c20d2d084b6fcc9a164adb0dc390ef152255b4"},
    {file = "bitarray-3.7.1-cp37-cp37m-musllinux_1_2_x86_64.whl", hash = "sha256:2db04b165a57499fbcfe0eaa2f7752f118552bbcfab2163a43fef8d95f4ae745"},
    {file = "bitarray-3.7.1-cp37-cp37m-win32.whl", hash = "sha256:f8ab90410b2ba5b8276657c66941bcaae556a38be8dd81630a7647e8735f0a20"},
    {file = "bitarray-3.7.1-cp37-cp37m-win_amd64.whl", hash = "sha256:bc0880011b86f81c5353ce4abaeb2472d942ba2320985166a2a3dd4f783563a9"},
    {file = "bitarray-3.7.1-cp38-cp38-macosx_10_9_x86_64.whl", hash = "sha256:c1f4880bcb6fb7a8e2ab89128032b3dcf59e1e877ff4493b11c8bf7c3a5b3df2"},
    {file = "bitarray-3.7.1-cp38-cp38-macosx_11_0_arm64.whl", hash = "sha256:78103afbd0a94ac4c1f0b4014545fd149b968d5ea423aaa3b1f6e2c3fc19423e"},
    {file = "bitarray-3.7.1-cp38-cp38-manylinux_2_17_aarch64.manylinux2014_aarch64.whl", hash = "sha256:ec3fd30622180cbe2326d48c14a4ab7f98a504b104bdca7dda88b134adad6e31"},
    {file = "bitarray-3.7.1-cp38-cp38-manylinux_2_17_ppc64le.manylinux2014_ppc64le.whl", hash = "sha256:98e4a17f55f3cbf6fe06cc79234269572f234467c8355b6758eb252073f78e6b"},
    {file = "bitarray-3.7.1-cp38-cp38-manylinux_2_17_s390x.manylinux2014_s390x.whl", hash = "sha256:c6c48cf5a92244ef3df4161c8625ee1890bb3d931db9a9f3b699e61a037cd58a"},
    {file = "bitarray-3.7.1-cp38-cp38-manylinux_2_17_x86_64.manylinux2014_x86_64.whl", hash = "sha256:8489bff00a1f81ac0754355772e76775878c32a42f16f01d427c3645546761c4"},
    {file = "bitarray-3.7.1-cp38-cp38-manylinux_2_5_i686.manylinux1_i686.manylinux_2_17_i686.manylinux2014_i686.whl", hash = "sha256:e75eb1734046291c554d9addecca9a8785bdf5d53a64f525569f8549da863dde"},
    {file = "bitarray-3.7.1-cp38-cp38-musllinux_1_2_aarch64.whl", hash = "sha256:4079857566077f290d35e23ff0e8ba593069c139ae85b0d152b9fa476494f50a"},
    {file = "bitarray-3.7.1-cp38-cp38-musllinux_1_2_i686.whl", hash = "sha256:7378055c9f456c5bb034ac313d9a9028fc6597619a0b16584099adba5a589fdb"},
    {file = "bitarray-3.7.1-cp38-cp38-musllinux_1_2_ppc64le.whl", hash = "sha256:c44cf0059633470c6bb415091def546adbeb5dcfa91cc3fcb1ac16593f14e52a"},
    {file = "bitarray-3.7.1-cp38-cp38-musllinux_1_2_s390x.whl", hash = "sha256:1fb0a46ae4b8d244a3fb80c3055717baa3dec6be17938e6871042a8d5b4ce670"},
    {file = "bitarray-3.7.1-cp38-cp38-musllinux_1_2_x86_64.whl", hash = "sha256:bebb17125373c499beea009cc5bced757bde52bcb3fa1d6335650e6c2d8111d7"},
    {file = "bitarray-3.7.1-cp38-cp38-win32.whl", hash = "sha256:df7cc9584614f495f474a5ded365cf72decbcee4efcdc888d2943f8a794c789e"},
    {file = "bitarray-3.7.1-cp38-cp38-win_amd64.whl", hash = "sha256:3110b98c5dfb31dc1cf82d8b0c32e3fa6d6d0b268ff9f2a1599165770c1af80f"},
    {file = "bitarray-3.7.1-cp39-cp39-macosx_10_9_x86_64.whl", hash = "sha256:3bb3cf22c3c03ae698647e6766314149c9cf04aa2018d9f48d5efddc3ced2764"},
    {file = "bitarray-3.7.1-cp39-cp39-macosx_11_0_arm64.whl", hash = "sha256:30a2fc37698820cbf9b51d5f801219ef4bed828a04f3307072b8f983dc422a0e"},
    {file = "bitarray-3.7.1-cp39-cp39-manylinux_2_17_aarch64.manylinux2014_aarch64.whl", hash = "sha256:11fcfdf272549a3d876f10d8422bcd5f675750aa746ce04ff04937ec3bb2329e"},
    {file = "bitarray-3.7.1-cp39-cp39-manylinux_2_17_ppc64le.manylinux2014_ppc64le.whl", hash = "sha256:8d4aa56782368269eb9402caf7378b2a5ada6f05eb9c7edc2362be258973fd7e"},
    {file = "bitarray-3.7.1-cp39-cp39-manylinux_2_17_s390x.manylinux2014_s390x.whl", hash = "sha256:e3572889fcb87e5ca94add412d8b365dbb7b59773a4362e52caa556e5fd98643"},
    {file = "bitarray-3.7.1-cp39-cp39-manylinux_2_17_x86_64.manylinux2014_x86_64.whl", hash = "sha256:a393b0f881eff94440f72846a6f0f95b983594a0a50af81c41ed18107420d6a7"},
    {file = "bitarray-3.7.1-cp39-cp39-manylinux_2_5_i686.manylinux1_i686.manylinux_2_17_i686.manylinux2014_i686.whl", hash = "sha256:7fdf059d4e3acec44f512ebe247718ae511fde632e2b06992022df8e637385a6"},
    {file = "bitarray-3.7.1-cp39-cp39-musllinux_1_2_aarch64.whl", hash = "sha256:a569c993942ac26c6c590639ed6712c6c9c3f0c8d287a067bf2a60eb615f3c6b"},
    {file = "bitarray-3.7.1-cp39-cp39-musllinux_1_2_i686.whl", hash = "sha256:dbbaa147cf28b3e87738c624d390a3a9e2a5dfef4316f4c38b4ecaf3155a3eab"},
    {file = "bitarray-3.7.1-cp39-cp39-musllinux_1_2_ppc64le.whl", hash = "sha256:d877759842ff9eb16d9c2b8b497953a7d994d4b231c171515f0bf3a2ae185c0c"},
    {file = "bitarray-3.7.1-cp39-cp39-musllinux_1_2_s390x.whl", hash = "sha256:c3e014f7295b9327fa6f0b3e55a3fd485abac98be145b9597e0cdbb05c44ad07"},
    {file = "bitarray-3.7.1-cp39-cp39-musllinux_1_2_x86_64.whl", hash = "sha256:57b9df5d38ab49c13eaa9e0152fdfa8501fc23987f6dcf421b73484bfe573918"},
    {file = "bitarray-3.7.1-cp39-cp39-win32.whl", hash = "sha256:08c114cf02a63e13ce6d70bc5b9e7bdcfa8d5db17cece207cfa085c4bc4a7a0c"},
    {file = "bitarray-3.7.1-cp39-cp39-win_amd64.whl", hash = "sha256:c427dfcce13a8c814556dfe7c110b8ef61b8fab5fca0d856d4890856807321dc"},
    {file = "bitarray-3.7.1-pp310-pypy310_pp73-macosx_10_15_x86_64.whl", hash = "sha256:c9bf2bf29854f165a47917b8782b6cf3a7d602971bf454806208d0cbb96f797a"},
    {file = "bitarray-3.7.1-pp310-pypy310_pp73-macosx_11_0_arm64.whl", hash = "sha256:002b73bf4a9f7b3ecb02260bd4dd332a6ee4d7f74ee9779a1ef342a36244d0cf"},
    {file = "bitarray-3.7.1-pp310-pypy310_pp73-manylinux_2_17_aarch64.manylinux2014_aarch64.whl", hash = "sha256:481239cd0966f965c2b8fa78b88614be5f12a64e7773bb5feecc567d39bb2dd5"},
    {file = "bitarray-3.7.1-pp310-pypy310_pp73-manylinux_2_17_x86_64.manylinux2014_x86_64.whl", hash = "sha256:f583a1fb180a123c00064fab1a3bfb9d43e574b6474be1be3f6469e0331e3e2e"},
    {file = "bitarray-3.7.1-pp310-pypy310_pp73-manylinux_2_5_i686.manylinux1_i686.manylinux_2_17_i686.manylinux2014_i686.whl", hash = "sha256:3db0648536f3e08afa7ceb928153c39913f98fd50a5c3adf92a4d0d4268f213e"},
    {file = "bitarray-3.7.1-pp310-pypy310_pp73-win_amd64.whl", hash = "sha256:3875578748b484638f6ea776f534e9088cfb15eee131aac051036cba40fd5d05"},
    {file = "bitarray-3.7.1-pp37-pypy37_pp73-macosx_10_9_x86_64.whl", hash = "sha256:0ed4a87eda16e2f95d536152c5acccae07841fbdda3b9a752f3dbf43e39f4d6b"},
    {file = "bitarray-3.7.1-pp37-pypy37_pp73-manylinux_2_17_aarch64.manylinux2014_aarch64.whl", hash = "sha256:1f7a8fc5085450635a539c47c9fce6d441b4a973686f88fc220aa20e3921fe55"},
    {file = "bitarray-3.7.1-pp37-pypy37_pp73-manylinux_2_17_x86_64.manylinux2014_x86_64.whl", hash = "sha256:be2f40045432e8aa33d9fd5cb43c91b0c61d77d3d8810f88e84e2e46411c27a7"},
    {file = "bitarray-3.7.1-pp37-pypy37_pp73-manylinux_2_5_i686.manylinux1_i686.manylinux_2_17_i686.manylinux2014_i686.whl", hash = "sha256:7f825ebedcad87a2825ddb6cf62f6d7d5b7a56ddaf7c93eef4b974e7ddc16408"},
    {file = "bitarray-3.7.1-pp37-pypy37_pp73-win_amd64.whl", hash = "sha256:59ddb8a9f47ec807009c69e582d0de1c86c005f9f614557f4cebc7b8ac9b7d28"},
    {file = "bitarray-3.7.1-pp38-pypy38_pp73-macosx_10_9_x86_64.whl", hash = "sha256:a048e41e1cb0c1a37021269d02698e30d2a7cc9a0205dd3390e0807745b76dae"},
    {file = "bitarray-3.7.1-pp38-pypy38_pp73-macosx_11_0_arm64.whl", hash = "sha256:61b9f3cf3a55322baed8f0532b73bce77d688a01446c179392c4056ab74eb551"},
    {file = "bitarray-3.7.1-pp38-pypy38_pp73-manylinux_2_17_aarch64.manylinux2014_aarch64.whl", hash = "sha256:53d2abeabb91a822e9d76420c9b44980edd2d6b21767c7bb9cb2b1b4cf091049"},
    {file = "bitarray-3.7.1-pp38-pypy38_pp73-manylinux_2_17_x86_64.manylinux2014_x86_64.whl", hash = "sha256:2b524306104c1296f1e91d74ee4ccbeeea621f6a13e44addf0bb630a1839fd72"},
    {file = "bitarray-3.7.1-pp38-pypy38_pp73-manylinux_2_5_i686.manylinux1_i686.manylinux_2_17_i686.manylinux2014_i686.whl", hash = "sha256:69687ef16d501c9217675af36fa3c68c009c03e184b07d22ba245e5c01d47e6b"},
    {file = "bitarray-3.7.1-pp38-pypy38_pp73-win_amd64.whl", hash = "sha256:3dc654da62b3a3027b7c922f7e9f4b27feaabd5d38b2a98ea98de5e8107c72f2"},
    {file = "bitarray-3.7.1-pp39-pypy39_pp73-macosx_10_15_x86_64.whl", hash = "sha256:eccc6829035c8b7b391a0aa124fade54932bb937dd1079f2740b9f1bde829226"},
    {file = "bitarray-3.7.1-pp39-pypy39_pp73-macosx_11_0_arm64.whl", hash = "sha256:05ee46a734b5110c5ac483815da4379f7622f4316362872ec7c0ed16db4b0148"},
    {file = "bitarray-3.7.1-pp39-pypy39_pp73-manylinux_2_17_aarch64.manylinux2014_aarch64.whl", hash = "sha256:cd7f6bfa2a36fb91b7dec9ddf905716f2ed0c3675d2b63c69b7530c9d211e715"},
    {file = "bitarray-3.7.1-pp39-pypy39_pp73-manylinux_2_17_x86_64.manylinux2014_x86_64.whl", hash = "sha256:99124e39658b2f72d296819ec03418609dd4f1b275b00289c2f278a19da6f9c0"},
    {file = "bitarray-3.7.1-pp39-pypy39_pp73-manylinux_2_5_i686.manylinux1_i686.manylinux_2_17_i686.manylinux2014_i686.whl", hash = "sha256:16426a843b1bc9c552a7c97d6d7555e69730c2de1e2f560503d3fc0e7f6d8005"},
    {file = "bitarray-3.7.1-pp39-pypy39_pp73-win_amd64.whl", hash = "sha256:6f7e1cdf0abb11718e655bb258920453b1e89c2315e9019f60f0775704b12a8c"},
    {file = "bitarray-3.7.1.tar.gz", hash = "sha256:795b1760418ab750826420ae24f06f392c08e21dc234f0a369a69cc00444f8ec"},
]

[[package]]
name = "bitstring"
version = "4.3.1"
description = "Simple construction, analysis and modification of binary data."
optional = false
python-versions = ">=3.8"
groups = ["main"]
files = [
    {file = "bitstring-4.3.1-py3-none-any.whl", hash = "sha256:69d1587f0ac18dc7d93fc7e80d5f447161a33e57027e726dc18a0a8bacf1711a"},
    {file = "bitstring-4.3.1.tar.gz", hash = "sha256:a08bc09d3857216d4c0f412a1611056f1cc2b64fd254fb1e8a0afba7cfa1a95a"},
]

[package.dependencies]
bitarray = ">=3.0.0,<4.0"

[[package]]
name = "colorama"
version = "0.4.6"
description = "Cross-platform colored terminal text."
optional = false
python-versions = "!=3.0.*,!=3.1.*,!=3.2.*,!=3.3.*,!=3.4.*,!=3.5.*,!=3.6.*,>=2.7"
groups = ["main"]
files = [
    {file = "colorama-0.4.6-py2.py3-none-any.whl", hash = "sha256:4f1d9991f5acc0ca119f9d443620b77f9d6b33703e51011c16baf57afb285fc6"},
    {file = "colorama-0.4.6.tar.gz", hash = "sha256:08695f5cb7ed6e0531a20572697297273c47b8cae5a63ffc6d6ed5c201be6e44"},
]

[[package]]
name = "prompt-toolkit"
version = "3.0.52"
description = "Library for building powerful interactive command lines in Python"
optional = false
python-versions = ">=3.8"
groups = ["main"]
files = [
    {file = "prompt_toolkit-3.0.52-py3-none-any.whl", hash = "sha256:9aac639a3bbd33284347de5ad8d68ecc044b91a762dc39b7c21095fcd6a19955"},
    {file = "prompt_toolkit-3.0.52.tar.gz", hash = "sha256:28cde192929c8e7321de85de1ddbe736f1375148b02f2e17edd840042b1be855"},
]

[package.dependencies]
wcwidth = "*"

[[package]]
name = "python-dotenv"
version = "1.1.1"
description = "Read key-value pairs from a .env file and set them as environment variables"
optional = false
python-versions = ">=3.9"
groups = ["main"]
files = [
    {file = "python_dotenv-1.1.1-py3-none-any.whl", hash = "sha256:31f23644fe2602f88ff55e1f5c79ba497e01224ee7737937930c448e4d0e24dc"},
    {file = "python_dotenv-1.1.1.tar.gz", hash = "sha256:a8a6399716257f45be6a007360200409fce5cda2661e3dec71d23dc15f6189ab"},
]

[package.extras]
cli = ["click (>=5.0)"]

[[package]]
name = "questionary"
version = "2.1.1"
description = "Python library to build pretty command line user prompts ⭐️"
optional = false
python-versions = ">=3.9"
groups = ["main"]
files = [
    {file = "questionary-2.1.1-py3-none-any.whl", hash = "sha256:a51af13f345f1cdea62347589fbb6df3b290306ab8930713bfae4d475a7d4a59"},
    {file = "questionary-2.1.1.tar.gz", hash = "sha256:3d7e980292bb0107abaa79c68dd3eee3c561b83a0f89ae482860b181c8bd412d"},
]

[package.dependencies]
prompt_toolkit = ">=2.0,<4.0"

[[package]]
name = "six"
version = "1.17.0"
description = "Python 2 and 3 compatibility utilities"
optional = false
python-versions = "!=3.0.*,!=3.1.*,!=3.2.*,>=2.7"
groups = ["main"]
files = [
    {file = "six-1.17.0-py2.py3-none-any.whl", hash = "sha256:4721f391ed90541fddacab5acf947aa0d3dc7d27b2e1e8eda2be8970586c3274"},
    {file = "six-1.17.0.tar.gz", hash = "sha256:ff70335d468e7eb6ec65b95b99d3a2836546063f63acc5171de367e834932a81"},
]

[[package]]
name = "smpplib"
version = "2.2.4"
description = "SMPP library for python"
optional = false
python-versions = "*"
groups = ["main"]
files = [
    {file = "smpplib-2.2.4-py3-none-any.whl", hash = "sha256:0fab94702f0a70500d654e8df69933465728770e75838ecceef0314b4442d0c2"},
    {file = "smpplib-2.2.4.tar.gz", hash = "sha256:6f3b036fcb2643c1b7a3289bb5ac4c9a720af1bf73e572e2729db6b5d800c273"},
]

[package.dependencies]
six = "*"

[package.extras]
tests = ["mock", "pytest", "typing"]

[[package]]
name = "wcwidth"
version = "0.2.13"
description = "Measures the displayed width of unicode strings in a terminal"
optional = false
python-versions = "*"
groups = ["main"]
files = [
    {file = "wcwidth-0.2.13-py2.py3-none-any.whl", hash = "sha256:3da69048e4540d84af32131829ff948f1e022c1c6bdb8d6102117aac784f6859"},
    {file = "wcwidth-0.2.13.tar.gz", hash = "sha256:72ea0c06399eb286d978fdedb6923a9eb47e1c486ce63e9b4e64fc18303972b5"},
]

[metadata]
lock-version = "2.1"
python-versions = ">=3.12"
content-hash = "f5c11f713df64c43a8bfddef7479a9595899a1f17797d7f3eb47c19ca005989e"
